
Microsoft Visual Studio Solution File, Format Version 12.00
# Visual Studio Version 17
VisualStudioVersion = 17.4.33103.184
MinimumVisualStudioVersion = 10.0.40219.1
Project("{FAE04EC0-301F-11D3-BF4B-00C04F79EFBC}") = "BBCode.NET", "BBCode.NET\BBCode.NET.csproj", "{DED0E3C5-DD1C-4778-AE5A-5902670BD6F9}"
EndProject
Project("{FAE04EC0-301F-11D3-BF4B-00C04F79EFBC}") = "BBCode.NET_Web_Demo", "BBCode.NET_Demo\BBCode.NET_Web_Demo.csproj", "{98ECB68C-C819-4143-9519-23FBA1C98C84}"
EndProject
Global
	GlobalSection(SolutionConfigurationPlatforms) = preSolution
		Debug|Any CPU = Debug|Any CPU
		Release|Any CPU = Release|Any CPU
	EndGlobalSection
	GlobalSection(ProjectConfigurationPlatforms) = postSolution
		{DED0E3C5-DD1C-4778-AE5A-5902670BD6F9}.Debug|Any CPU.ActiveCfg = Debug|Any CPU
		{DED0E3C5-DD1C-4778-AE5A-5902670BD6F9}.Debug|Any CPU.Build.0 = Debug|Any CPU
		{DED0E3C5-DD1C-4778-AE5A-5902670BD6F9}.Release|Any CPU.ActiveCfg = Release|Any CPU
		{DED0E3C5-DD1C-4778-AE5A-5902670BD6F9}.Release|Any CPU.Build.0 = Release|Any CPU
		{98ECB68C-C819-4143-9519-23FBA1C98C84}.Debug|Any CPU.ActiveCfg = Debug|Any CPU
		{98ECB68C-C819-4143-9519-23FBA1C98C84}.Debug|Any CPU.Build.0 = Debug|Any CPU
		{98ECB68C-C819-4143-9519-23FBA1C98C84}.Release|Any CPU.ActiveCfg = Release|Any CPU
		{98ECB68C-C819-4143-9519-23FBA1C98C84}.Release|Any CPU.Build.0 = Release|Any CPU
	EndGlobalSection
	GlobalSection(SolutionProperties) = preSolution
		HideSolutionNode = FALSE
	EndGlobalSection
	GlobalSection(ExtensibilityGlobals) = postSolution
		SolutionGuid = {327D4530-D3F3-4B9A-AEAD-A2AD18B20C29}
	EndGlobalSection
EndGlobal
